// !$*UTF8*$!
{
	archiveVersion = 1;
	classes = {
	};
	objectVersion = 48;
	objects = {

/* Begin PBXBuildFile section */
		2A3B341F2008035000167126 /* AppDelegate.m in Sources */ = {isa = PBXBuildFile; fileRef = 2A3B341E2008035000167126 /* AppDelegate.m */; };
		2A3B34222008035000167126 /* ViewController.m in Sources */ = {isa = PBXBuildFile; fileRef = 2A3B34212008035000167126 /* ViewController.m */; };
		2A3B34252008035000167126 /* Main.storyboard in Resources */ = {isa = PBXBuildFile; fileRef = 2A3B34232008035000167126 /* Main.storyboard */; };
		2A3B34282008035000167126 /* Weather.xcdatamodeld in Sources */ = {isa = PBXBuildFile; fileRef = 2A3B34262008035000167126 /* Weather.xcdatamodeld */; };
		2A3B342A2008035000167126 /* Assets.xcassets in Resources */ = {isa = PBXBuildFile; fileRef = 2A3B34292008035000167126 /* Assets.xcassets */; };
		2A3B342D2008035000167126 /* LaunchScreen.storyboard in Resources */ = {isa = PBXBuildFile; fileRef = 2A3B342B2008035000167126 /* LaunchScreen.storyboard */; };
		2A3B34302008035000167126 /* main.m in Sources */ = {isa = PBXBuildFile; fileRef = 2A3B342F2008035000167126 /* main.m */; };
		2A3B343A2008035100167126 /* WeatherTests.m in Sources */ = {isa = PBXBuildFile; fileRef = 2A3B34392008035100167126 /* WeatherTests.m */; };
		2AB7EE6F20081D920027CBCA /* WeatherModel.m in Sources */ = {isa = PBXBuildFile; fileRef = 2AB7EE6E20081D920027CBCA /* WeatherModel.m */; };
		2AB7EE7020081D920027CBCA /* WeatherModel.m in Sources */ = {isa = PBXBuildFile; fileRef = 2AB7EE6E20081D920027CBCA /* WeatherModel.m */; };
		2D5C97055340ADD077C9FA5A /* libPods-WeatherTests.a in Frameworks */ = {isa = PBXBuildFile; fileRef = 327C2CE955EA8EB20C07860F /* libPods-WeatherTests.a */; };
		78C5E23AC2B6EF095BF313CB /* libPods-Weather.a in Frameworks */ = {isa = PBXBuildFile; fileRef = BAF3A5A73EA1B4036212F346 /* libPods-Weather.a */; };
/* End PBXBuildFile section */

/* Begin PBXContainerItemProxy section */
		2A3B34362008035100167126 /* PBXContainerItemProxy */ = {
			isa = PBXContainerItemProxy;
			containerPortal = 2A3B34122008035000167126 /* Project object */;
			proxyType = 1;
			remoteGlobalIDString = 2A3B34192008035000167126;
			remoteInfo = Weather;
		};
/* End PBXContainerItemProxy section */

/* Begin PBXFileReference section */
		2A3B341A2008035000167126 /* Weather.app */ = {isa = PBXFileReference; explicitFileType = wrapper.application; includeInIndex = 0; path = Weather.app; sourceTree = BUILT_PRODUCTS_DIR; };
		2A3B341D2008035000167126 /* AppDelegate.h */ = {isa = PBXFileReference; lastKnownFileType = sourcecode.c.h; path = AppDelegate.h; sourceTree = "<group>"; };
		2A3B341E2008035000167126 /* AppDelegate.m */ = {isa = PBXFileReference; lastKnownFileType = sourcecode.c.objc; path = AppDelegate.m; sourceTree = "<group>"; };
		2A3B34202008035000167126 /* ViewController.h */ = {isa = PBXFileReference; lastKnownFileType = sourcecode.c.h; path = ViewController.h; sourceTree = "<group>"; };
		2A3B34212008035000167126 /* ViewController.m */ = {isa = PBXFileReference; lastKnownFileType = sourcecode.c.objc; path = ViewController.m; sourceTree = "<group>"; };
		2A3B34242008035000167126 /* Base */ = {isa = PBXFileReference; lastKnownFileType = file.storyboard; name = Base; path = Base.lproj/Main.storyboard; sourceTree = "<group>"; };
		2A3B34272008035000167126 /* Weather.xcdatamodel */ = {isa = PBXFileReference; lastKnownFileType = wrapper.xcdatamodel; path = Weather.xcdatamodel; sourceTree = "<group>"; };
		2A3B34292008035000167126 /* Assets.xcassets */ = {isa = PBXFileReference; lastKnownFileType = folder.assetcatalog; path = Assets.xcassets; sourceTree = "<group>"; };
		2A3B342C2008035000167126 /* Base */ = {isa = PBXFileReference; lastKnownFileType = file.storyboard; name = Base; path = Base.lproj/LaunchScreen.storyboard; sourceTree = "<group>"; };
		2A3B342E2008035000167126 /* Info.plist */ = {isa = PBXFileReference; lastKnownFileType = text.plist.xml; path = Info.plist; sourceTree = "<group>"; };
		2A3B342F2008035000167126 /* main.m */ = {isa = PBXFileReference; lastKnownFileType = sourcecode.c.objc; path = main.m; sourceTree = "<group>"; };
		2A3B34352008035100167126 /* WeatherTests.xctest */ = {isa = PBXFileReference; explicitFileType = wrapper.cfbundle; includeInIndex = 0; path = WeatherTests.xctest; sourceTree = BUILT_PRODUCTS_DIR; };
		2A3B34392008035100167126 /* WeatherTests.m */ = {isa = PBXFileReference; lastKnownFileType = sourcecode.c.objc; path = WeatherTests.m; sourceTree = "<group>"; };
		2A3B343B2008035100167126 /* Info.plist */ = {isa = PBXFileReference; lastKnownFileType = text.plist.xml; path = Info.plist; sourceTree = "<group>"; };
		2AB7EE6D20081D920027CBCA /* WeatherModel.h */ = {isa = PBXFileReference; lastKnownFileType = sourcecode.c.h; path = WeatherModel.h; sourceTree = "<group>"; };
		2AB7EE6E20081D920027CBCA /* WeatherModel.m */ = {isa = PBXFileReference; lastKnownFileType = sourcecode.c.objc; path = WeatherModel.m; sourceTree = "<group>"; };
		2B773043F59F56598A353122 /* Pods-Weather.debug.xcconfig */ = {isa = PBXFileReference; includeInIndex = 1; lastKnownFileType = text.xcconfig; name = "Pods-Weather.debug.xcconfig"; path = "Pods/Target Support Files/Pods-Weather/Pods-Weather.debug.xcconfig"; sourceTree = "<group>"; };
		327C2CE955EA8EB20C07860F /* libPods-WeatherTests.a */ = {isa = PBXFileReference; explicitFileType = archive.ar; includeInIndex = 0; path = "libPods-WeatherTests.a"; sourceTree = BUILT_PRODUCTS_DIR; };
		3AB4ACFE74AD11E78326DE30 /* Pods-WeatherTests.debug.xcconfig */ = {isa = PBXFileReference; includeInIndex = 1; lastKnownFileType = text.xcconfig; name = "Pods-WeatherTests.debug.xcconfig"; path = "Pods/Target Support Files/Pods-WeatherTests/Pods-WeatherTests.debug.xcconfig"; sourceTree = "<group>"; };
		80B57D6C64F72629275EC366 /* Pods-WeatherTests.release.xcconfig */ = {isa = PBXFileReference; includeInIndex = 1; lastKnownFileType = text.xcconfig; name = "Pods-WeatherTests.release.xcconfig"; path = "Pods/Target Support Files/Pods-WeatherTests/Pods-WeatherTests.release.xcconfig"; sourceTree = "<group>"; };
		BAF3A5A73EA1B4036212F346 /* libPods-Weather.a */ = {isa = PBXFileReference; explicitFileType = archive.ar; includeInIndex = 0; path = "libPods-Weather.a"; sourceTree = BUILT_PRODUCTS_DIR; };
		DB9077FD2BA5BCF62AFF15E6 /* Pods-Weather.release.xcconfig */ = {isa = PBXFileReference; includeInIndex = 1; lastKnownFileType = text.xcconfig; name = "Pods-Weather.release.xcconfig"; path = "Pods/Target Support Files/Pods-Weather/Pods-Weather.release.xcconfig"; sourceTree = "<group>"; };
/* End PBXFileReference section */

/* Begin PBXFrameworksBuildPhase section */
		2A3B34172008035000167126 /* Frameworks */ = {
			isa = PBXFrameworksBuildPhase;
			buildActionMask = 2147483647;
			files = (
				78C5E23AC2B6EF095BF313CB /* libPods-Weather.a in Frameworks */,
			);
			runOnlyForDeploymentPostprocessing = 0;
		};
		2A3B34322008035100167126 /* Frameworks */ = {
			isa = PBXFrameworksBuildPhase;
			buildActionMask = 2147483647;
			files = (
				2D5C97055340ADD077C9FA5A /* libPods-WeatherTests.a in Frameworks */,
			);
			runOnlyForDeploymentPostprocessing = 0;
		};
/* End PBXFrameworksBuildPhase section */

/* Begin PBXGroup section */
		2A3B34112008035000167126 = {
			isa = PBXGroup;
			children = (
				2A3B341C2008035000167126 /* Weather */,
				2A3B34382008035100167126 /* WeatherTests */,
				2A3B341B2008035000167126 /* Products */,
				F5B22DB3975B20B9CF469DE3 /* Pods */,
				80171CC7B59AF2B567D7FDB9 /* Frameworks */,
			);
			sourceTree = "<group>";
		};
		2A3B341B2008035000167126 /* Products */ = {
			isa = PBXGroup;
			children = (
				2A3B341A2008035000167126 /* Weather.app */,
				2A3B34352008035100167126 /* WeatherTests.xctest */,
			);
			name = Products;
			sourceTree = "<group>";
		};
		2A3B341C2008035000167126 /* Weather */ = {
			isa = PBXGroup;
			children = (
				2A9986C52008FB040029757F /* Storyboards */,
				2A3B344520080D1100167126 /* Controllers */,
				2A3B344420080D0100167126 /* Models */,
				2A3B341D2008035000167126 /* AppDelegate.h */,
				2A3B341E2008035000167126 /* AppDelegate.m */,
				2A3B34292008035000167126 /* Assets.xcassets */,
				2A3B342E2008035000167126 /* Info.plist */,
				2A3B342F2008035000167126 /* main.m */,
				2A3B34262008035000167126 /* Weather.xcdatamodeld */,
			);
			path = Weather;
			sourceTree = "<group>";
		};
		2A3B34382008035100167126 /* WeatherTests */ = {
			isa = PBXGroup;
			children = (
				2A3B34392008035100167126 /* WeatherTests.m */,
				2A3B343B2008035100167126 /* Info.plist */,
			);
			path = WeatherTests;
			sourceTree = "<group>";
		};
		2A3B344420080D0100167126 /* Models */ = {
			isa = PBXGroup;
			children = (
				2AB7EE6D20081D920027CBCA /* WeatherModel.h */,
				2AB7EE6E20081D920027CBCA /* WeatherModel.m */,
			);
			path = Models;
			sourceTree = "<group>";
		};
		2A3B344520080D1100167126 /* Controllers */ = {
			isa = PBXGroup;
			children = (
				2A3B34202008035000167126 /* ViewController.h */,
				2A3B34212008035000167126 /* ViewController.m */,
			);
			path = Controllers;
			sourceTree = "<group>";
		};
		2A9986C52008FB040029757F /* Storyboards */ = {
			isa = PBXGroup;
			children = (
				2A3B342B2008035000167126 /* LaunchScreen.storyboard */,
				2A3B34232008035000167126 /* Main.storyboard */,
			);
			path = Storyboards;
			sourceTree = "<group>";
		};
		80171CC7B59AF2B567D7FDB9 /* Frameworks */ = {
			isa = PBXGroup;
			children = (
				BAF3A5A73EA1B4036212F346 /* libPods-Weather.a */,
				327C2CE955EA8EB20C07860F /* libPods-WeatherTests.a */,
			);
			name = Frameworks;
			sourceTree = "<group>";
		};
		F5B22DB3975B20B9CF469DE3 /* Pods */ = {
			isa = PBXGroup;
			children = (
				2B773043F59F56598A353122 /* Pods-Weather.debug.xcconfig */,
				DB9077FD2BA5BCF62AFF15E6 /* Pods-Weather.release.xcconfig */,
				3AB4ACFE74AD11E78326DE30 /* Pods-WeatherTests.debug.xcconfig */,
				80B57D6C64F72629275EC366 /* Pods-WeatherTests.release.xcconfig */,
			);
			name = Pods;
			sourceTree = "<group>";
		};
/* End PBXGroup section */

/* Begin PBXNativeTarget section */
		2A3B34192008035000167126 /* Weather */ = {
			isa = PBXNativeTarget;
			buildConfigurationList = 2A3B343E2008035100167126 /* Build configuration list for PBXNativeTarget "Weather" */;
			buildPhases = (
				5E4251CCB0453831E5E11EE7 /* [CP] Check Pods Manifest.lock */,
				2A3B34162008035000167126 /* Sources */,
				2A3B34172008035000167126 /* Frameworks */,
				2A3B34182008035000167126 /* Resources */,
				26A7C170F7EF8D8B204E99CB /* [CP] Embed Pods Frameworks */,
				BD1F82DFDFCDD2696880D80A /* [CP] Copy Pods Resources */,
			);
			buildRules = (
			);
			dependencies = (
			);
			name = Weather;
			productName = Weather;
			productReference = 2A3B341A2008035000167126 /* Weather.app */;
			productType = "com.apple.product-type.application";
		};
		2A3B34342008035100167126 /* WeatherTests */ = {
			isa = PBXNativeTarget;
			buildConfigurationList = 2A3B34412008035100167126 /* Build configuration list for PBXNativeTarget "WeatherTests" */;
			buildPhases = (
				CDCB79C0D27F892FB599B68B /* [CP] Check Pods Manifest.lock */,
				2A3B34312008035100167126 /* Sources */,
				2A3B34322008035100167126 /* Frameworks */,
				2A3B34332008035100167126 /* Resources */,
				A832D3723D70D28E6E39EE37 /* [CP] Embed Pods Frameworks */,
				EE61364A016C242C6549BDDC /* [CP] Copy Pods Resources */,
			);
			buildRules = (
			);
			dependencies = (
				2A3B34372008035100167126 /* PBXTargetDependency */,
			);
			name = WeatherTests;
			productName = WeatherTests;
			productReference = 2A3B34352008035100167126 /* WeatherTests.xctest */;
			productType = "com.apple.product-type.bundle.unit-test";
		};
/* End PBXNativeTarget section */

/* Begin PBXProject section */
		2A3B34122008035000167126 /* Project object */ = {
			isa = PBXProject;
			attributes = {
				LastUpgradeCheck = 0920;
				ORGANIZATIONNAME = "mike oh";
				TargetAttributes = {
					2A3B34192008035000167126 = {
						CreatedOnToolsVersion = 9.2;
						ProvisioningStyle = Automatic;
					};
					2A3B34342008035100167126 = {
						CreatedOnToolsVersion = 9.2;
						ProvisioningStyle = Automatic;
						TestTargetID = 2A3B34192008035000167126;
					};
				};
			};
			buildConfigurationList = 2A3B34152008035000167126 /* Build configuration list for PBXProject "Weather" */;
			compatibilityVersion = "Xcode 8.0";
			developmentRegion = en;
			hasScannedForEncodings = 0;
			knownRegions = (
				en,
				Base,
			);
			mainGroup = 2A3B34112008035000167126;
			productRefGroup = 2A3B341B2008035000167126 /* Products */;
			projectDirPath = "";
			projectRoot = "";
			targets = (
				2A3B34192008035000167126 /* Weather */,
				2A3B34342008035100167126 /* WeatherTests */,
			);
		};
/* End PBXProject section */

/* Begin PBXResourcesBuildPhase section */
		2A3B34182008035000167126 /* Resources */ = {
			isa = PBXResourcesBuildPhase;
			buildActionMask = 2147483647;
			files = (
				2A3B342D2008035000167126 /* LaunchScreen.storyboard in Resources */,
				2A3B342A2008035000167126 /* Assets.xcassets in Resources */,
				2A3B34252008035000167126 /* Main.storyboard in Resources */,
			);
			runOnlyForDeploymentPostprocessing = 0;
		};
		2A3B34332008035100167126 /* Resources */ = {
			isa = PBXResourcesBuildPhase;
			buildActionMask = 2147483647;
			files = (
			);
			runOnlyForDeploymentPostprocessing = 0;
		};
/* End PBXResourcesBuildPhase section */

/* Begin PBXShellScriptBuildPhase section */
		26A7C170F7EF8D8B204E99CB /* [CP] Embed Pods Frameworks */ = {
			isa = PBXShellScriptBuildPhase;
			buildActionMask = 2147483647;
			files = (
			);
			inputPaths = (
			);
			name = "[CP] Embed Pods Frameworks";
			outputPaths = (
			);
			runOnlyForDeploymentPostprocessing = 0;
			shellPath = /bin/sh;
			shellScript = "\"${SRCROOT}/Pods/Target Support Files/Pods-Weather/Pods-Weather-frameworks.sh\"\n";
			showEnvVarsInLog = 0;
		};
		5E4251CCB0453831E5E11EE7 /* [CP] Check Pods Manifest.lock */ = {
			isa = PBXShellScriptBuildPhase;
			buildActionMask = 2147483647;
			files = (
			);
			inputPaths = (
				"${PODS_PODFILE_DIR_PATH}/Podfile.lock",
				"${PODS_ROOT}/Manifest.lock",
			);
			name = "[CP] Check Pods Manifest.lock";
			outputPaths = (
				"$(DERIVED_FILE_DIR)/Pods-Weather-checkManifestLockResult.txt",
			);
			runOnlyForDeploymentPostprocessing = 0;
			shellPath = /bin/sh;
			shellScript = "diff \"${PODS_PODFILE_DIR_PATH}/Podfile.lock\" \"${PODS_ROOT}/Manifest.lock\" > /dev/null\nif [ $? != 0 ] ; then\n    # print error to STDERR\n    echo \"error: The sandbox is not in sync with the Podfile.lock. Run 'pod install' or update your CocoaPods installation.\" >&2\n    exit 1\nfi\n# This output is used by Xcode 'outputs' to avoid re-running this script phase.\necho \"SUCCESS\" > \"${SCRIPT_OUTPUT_FILE_0}\"\n";
			showEnvVarsInLog = 0;
		};
		A832D3723D70D28E6E39EE37 /* [CP] Embed Pods Frameworks */ = {
			isa = PBXShellScriptBuildPhase;
			buildActionMask = 2147483647;
			files = (
			);
			inputPaths = (
			);
			name = "[CP] Embed Pods Frameworks";
			outputPaths = (
			);
			runOnlyForDeploymentPostprocessing = 0;
			shellPath = /bin/sh;
			shellScript = "\"${SRCROOT}/Pods/Target Support Files/Pods-WeatherTests/Pods-WeatherTests-frameworks.sh\"\n";
			showEnvVarsInLog = 0;
		};
		BD1F82DFDFCDD2696880D80A /* [CP] Copy Pods Resources */ = {
			isa = PBXShellScriptBuildPhase;
			buildActionMask = 2147483647;
			files = (
			);
			inputPaths = (
			);
			name = "[CP] Copy Pods Resources";
			outputPaths = (
			);
			runOnlyForDeploymentPostprocessing = 0;
			shellPath = /bin/sh;
			shellScript = "\"${SRCROOT}/Pods/Target Support Files/Pods-Weather/Pods-Weather-resources.sh\"\n";
			showEnvVarsInLog = 0;
		};
		CDCB79C0D27F892FB599B68B /* [CP] Check Pods Manifest.lock */ = {
			isa = PBXShellScriptBuildPhase;
			buildActionMask = 2147483647;
			files = (
			);
			inputPaths = (
				"${PODS_PODFILE_DIR_PATH}/Podfile.lock",
				"${PODS_ROOT}/Manifest.lock",
			);
			name = "[CP] Check Pods Manifest.lock";
			outputPaths = (
				"$(DERIVED_FILE_DIR)/Pods-WeatherTests-checkManifestLockResult.txt",
			);
			runOnlyForDeploymentPostprocessing = 0;
			shellPath = /bin/sh;
			shellScript = "diff \"${PODS_PODFILE_DIR_PATH}/Podfile.lock\" \"${PODS_ROOT}/Manifest.lock\" > /dev/null\nif [ $? != 0 ] ; then\n    # print error to STDERR\n    echo \"error: The sandbox is not in sync with the Podfile.lock. Run 'pod install' or update your CocoaPods installation.\" >&2\n    exit 1\nfi\n# This output is used by Xcode 'outputs' to avoid re-running this script phase.\necho \"SUCCESS\" > \"${SCRIPT_OUTPUT_FILE_0}\"\n";
			showEnvVarsInLog = 0;
		};
		EE61364A016C242C6549BDDC /* [CP] Copy Pods Resources */ = {
			isa = PBXShellScriptBuildPhase;
			buildActionMask = 2147483647;
			files = (
			);
			inputPaths = (
			);
			name = "[CP] Copy Pods Resources";
			outputPaths = (
			);
			runOnlyForDeploymentPostprocessing = 0;
			shellPath = /bin/sh;
			shellScript = "\"${SRCROOT}/Pods/Target Support Files/Pods-WeatherTests/Pods-WeatherTests-resources.sh\"\n";
			showEnvVarsInLog = 0;
		};
/* End PBXShellScriptBuildPhase section */

/* Begin PBXSourcesBuildPhase section */
		2A3B34162008035000167126 /* Sources */ = {
			isa = PBXSourcesBuildPhase;
			buildActionMask = 2147483647;
			files = (
				2A3B34282008035000167126 /* Weather.xcdatamodeld in Sources */,
				2AB7EE6F20081D920027CBCA /* WeatherModel.m in Sources */,
				2A3B34222008035000167126 /* ViewController.m in Sources */,
				2A3B34302008035000167126 /* main.m in Sources */,
				2A3B341F2008035000167126 /* AppDelegate.m in Sources */,
			);
			runOnlyForDeploymentPostprocessing = 0;
		};
		2A3B34312008035100167126 /* Sources */ = {
			isa = PBXSourcesBuildPhase;
			buildActionMask = 2147483647;
			files = (
				2AB7EE7020081D920027CBCA /* WeatherModel.m in Sources */,
				2A3B343A2008035100167126 /* WeatherTests.m in Sources */,
			);
			runOnlyForDeploymentPostprocessing = 0;
		};
/* End PBXSourcesBuildPhase section */

/* Begin PBXTargetDependency section */
		2A3B34372008035100167126 /* PBXTargetDependency */ = {
			isa = PBXTargetDependency;
			target = 2A3B34192008035000167126 /* Weather */;
			targetProxy = 2A3B34362008035100167126 /* PBXContainerItemProxy */;
		};
/* End PBXTargetDependency section */

/* Begin PBXVariantGroup section */
		2A3B34232008035000167126 /* Main.storyboard */ = {
			isa = PBXVariantGroup;
			children = (
				2A3B34242008035000167126 /* Base */,
			);
			name = Main.storyboard;
			sourceTree = "<group>";
		};
		2A3B342B2008035000167126 /* LaunchScreen.storyboard */ = {
			isa = PBXVariantGroup;
			children = (
				2A3B342C2008035000167126 /* Base */,
			);
			name = LaunchScreen.storyboard;
			sourceTree = "<group>";
		};
/* End PBXVariantGroup section */

/* Begin XCBuildConfiguration section */
		2A3B343C2008035100167126 /* Debug */ = {
			isa = XCBuildConfiguration;
			buildSettings = {
				ALWAYS_SEARCH_USER_PATHS = NO;
				CLANG_ANALYZER_NONNULL = YES;
				CLANG_ANALYZER_NUMBER_OBJECT_CONVERSION = YES_AGGRESSIVE;
				CLANG_CXX_LANGUAGE_STANDARD = "gnu++14";
				CLANG_CXX_LIBRARY = "libc++";
				CLANG_ENABLE_MODULES = YES;
				CLANG_ENABLE_OBJC_ARC = YES;
				CLANG_WARN_BLOCK_CAPTURE_AUTORELEASING = YES;
				CLANG_WARN_BOOL_CONVERSION = YES;
				CLANG_WARN_COMMA = YES;
				CLANG_WARN_CONSTANT_CONVERSION = YES;
				CLANG_WARN_DIRECT_OBJC_ISA_USAGE = YES_ERROR;
				CLANG_WARN_DOCUMENTATION_COMMENTS = YES;
				CLANG_WARN_EMPTY_BODY = YES;
				CLANG_WARN_ENUM_CONVERSION = YES;
				CLANG_WARN_INFINITE_RECURSION = YES;
				CLANG_WARN_INT_CONVERSION = YES;
				CLANG_WARN_NON_LITERAL_NULL_CONVERSION = YES;
				CLANG_WARN_OBJC_LITERAL_CONVERSION = YES;
				CLANG_WARN_OBJC_ROOT_CLASS = YES_ERROR;
				CLANG_WARN_RANGE_LOOP_ANALYSIS = YES;
				CLANG_WARN_STRICT_PROTOTYPES = YES;
				CLANG_WARN_SUSPICIOUS_MOVE = YES;
				CLANG_WARN_UNGUARDED_AVAILABILITY = YES_AGGRESSIVE;
				CLANG_WARN_UNREACHABLE_CODE = YES;
				CLANG_WARN__DUPLICATE_METHOD_MATCH = YES;
				CODE_SIGN_IDENTITY = "iPhone Developer";
				COPY_PHASE_STRIP = NO;
				DEBUG_INFORMATION_FORMAT = dwarf;
				ENABLE_STRICT_OBJC_MSGSEND = YES;
				ENABLE_TESTABILITY = YES;
				GCC_C_LANGUAGE_STANDARD = gnu11;
				GCC_DYNAMIC_NO_PIC = NO;
				GCC_NO_COMMON_BLOCKS = YES;
				GCC_OPTIMIZATION_LEVEL = 0;
				GCC_PREPROCESSOR_DEFINITIONS = (
					"DEBUG=1",
					"$(inherited)",
				);
				GCC_WARN_64_TO_32_BIT_CONVERSION = YES;
				GCC_WARN_ABOUT_RETURN_TYPE = YES_ERROR;
				GCC_WARN_UNDECLARED_SELECTOR = YES;
				GCC_WARN_UNINITIALIZED_AUTOS = YES_AGGRESSIVE;
				GCC_WARN_UNUSED_FUNCTION = YES;
				GCC_WARN_UNUSED_VARIABLE = YES;
				IPHONEOS_DEPLOYMENT_TARGET = 11.2;
				MTL_ENABLE_DEBUG_INFO = YES;
				ONLY_ACTIVE_ARCH = YES;
				SDKROOT = iphoneos;
			};
			name = Debug;
		};
		2A3B343D2008035100167126 /* Release */ = {
			isa = XCBuildConfiguration;
			buildSettings = {
				ALWAYS_SEARCH_USER_PATHS = NO;
				CLANG_ANALYZER_NONNULL = YES;
				CLANG_ANALYZER_NUMBER_OBJECT_CONVERSION = YES_AGGRESSIVE;
				CLANG_CXX_LANGUAGE_STANDARD = "gnu++14";
				CLANG_CXX_LIBRARY = "libc++";
				CLANG_ENABLE_MODULES = YES;
				CLANG_ENABLE_OBJC_ARC = YES;
				CLANG_WARN_BLOCK_CAPTURE_AUTORELEASING = YES;
				CLANG_WARN_BOOL_CONVERSION = YES;
				CLANG_WARN_COMMA = YES;
				CLANG_WARN_CONSTANT_CONVERSION = YES;
				CLANG_WARN_DIRECT_OBJC_ISA_USAGE = YES_ERROR;
				CLANG_WARN_DOCUMENTATION_COMMENTS = YES;
				CLANG_WARN_EMPTY_BODY = YES;
				CLANG_WARN_ENUM_CONVERSION = YES;
				CLANG_WARN_INFINITE_RECURSION = YES;
				CLANG_WARN_INT_CONVERSION = YES;
				CLANG_WARN_NON_LITERAL_NULL_CONVERSION = YES;
				CLANG_WARN_OBJC_LITERAL_CONVERSION = YES;
				CLANG_WARN_OBJC_ROOT_CLASS = YES_ERROR;
				CLANG_WARN_RANGE_LOOP_ANALYSIS = YES;
				CLANG_WARN_STRICT_PROTOTYPES = YES;
				CLANG_WARN_SUSPICIOUS_MOVE = YES;
				CLANG_WARN_UNGUARDED_AVAILABILITY = YES_AGGRESSIVE;
				CLANG_WARN_UNREACHABLE_CODE = YES;
				CLANG_WARN__DUPLICATE_METHOD_MATCH = YES;
				CODE_SIGN_IDENTITY = "iPhone Developer";
				COPY_PHASE_STRIP = NO;
				DEBUG_INFORMATION_FORMAT = "dwarf-with-dsym";
				ENABLE_NS_ASSERTIONS = NO;
				ENABLE_STRICT_OBJC_MSGSEND = YES;
				GCC_C_LANGUAGE_STANDARD = gnu11;
				GCC_NO_COMMON_BLOCKS = YES;
				GCC_WARN_64_TO_32_BIT_CONVERSION = YES;
				GCC_WARN_ABOUT_RETURN_TYPE = YES_ERROR;
				GCC_WARN_UNDECLARED_SELECTOR = YES;
				GCC_WARN_UNINITIALIZED_AUTOS = YES_AGGRESSIVE;
				GCC_WARN_UNUSED_FUNCTION = YES;
				GCC_WARN_UNUSED_VARIABLE = YES;
				IPHONEOS_DEPLOYMENT_TARGET = 11.2;
				MTL_ENABLE_DEBUG_INFO = NO;
				SDKROOT = iphoneos;
				VALIDATE_PRODUCT = YES;
			};
			name = Release;
		};
		2A3B343F2008035100167126 /* Debug */ = {
			isa = XCBuildConfiguration;
			baseConfigurationReference = 2B773043F59F56598A353122 /* Pods-Weather.debug.xcconfig */;
			buildSettings = {
				ASSETCATALOG_COMPILER_APPICON_NAME = AppIcon;
				CODE_SIGN_STYLE = Automatic;
				DEVELOPMENT_TEAM = 3J68V5NEH9;
				INFOPLIST_FILE = Weather/Info.plist;
				LD_RUNPATH_SEARCH_PATHS = "$(inherited) @executable_path/Frameworks";
				PRODUCT_BUNDLE_IDENTIFIER = com.mikeoh.Weather;
				PRODUCT_NAME = "$(TARGET_NAME)";
				TARGETED_DEVICE_FAMILY = "1,2";
			};
			name = Debug;
		};
		2A3B34402008035100167126 /* Release */ = {
			isa = XCBuildConfiguration;
			baseConfigurationReference = DB9077FD2BA5BCF62AFF15E6 /* Pods-Weather.release.xcconfig */;
			buildSettings = {
				ASSETCATALOG_COMPILER_APPICON_NAME = AppIcon;
				CODE_SIGN_STYLE = Automatic;
				DEVELOPMENT_TEAM = 3J68V5NEH9;
				INFOPLIST_FILE = Weather/Info.plist;
				LD_RUNPATH_SEARCH_PATHS = "$(inherited) @executable_path/Frameworks";
				PRODUCT_BUNDLE_IDENTIFIER = com.mikeoh.Weather;
				PRODUCT_NAME = "$(TARGET_NAME)";
				TARGETED_DEVICE_FAMILY = "1,2";
			};
			name = Release;
		};
		2A3B34422008035100167126 /* Debug */ = {
			isa = XCBuildConfiguration;
			baseConfigurationReference = 3AB4ACFE74AD11E78326DE30 /* Pods-WeatherTests.debug.xcconfig */;
			buildSettings = {
				BUNDLE_LOADER = "$(TEST_HOST)";
				CODE_SIGN_STYLE = Automatic;
				DEVELOPMENT_TEAM = 3J68V5NEH9;
				INFOPLIST_FILE = WeatherTests/Info.plist;
				LD_RUNPATH_SEARCH_PATHS = "$(inherited) @executable_path/Frameworks @loader_path/Frameworks";
				PRODUCT_BUNDLE_IDENTIFIER = com.mikeoh.WeatherTests;
				PRODUCT_NAME = "$(TARGET_NAME)";
				TARGETED_DEVICE_FAMILY = "1,2";
				TEST_HOST = "$(BUILT_PRODUCTS_DIR)/Weather.app/Weather";
			};
			name = Debug;
		};
		2A3B34432008035100167126 /* Release */ = {
			isa = XCBuildConfiguration;
			baseConfigurationReference = 80B57D6C64F72629275EC366 /* Pods-WeatherTests.release.xcconfig */;
			buildSettings = {
				BUNDLE_LOADER = "$(TEST_HOST)";
				CODE_SIGN_STYLE = Automatic;
				DEVELOPMENT_TEAM = 3J68V5NEH9;
				INFOPLIST_FILE = WeatherTests/Info.plist;
				LD_RUNPATH_SEARCH_PATHS = "$(inherited) @executable_path/Frameworks @loader_path/Frameworks";
				PRODUCT_BUNDLE_IDENTIFIER = com.mikeoh.WeatherTests;
				PRODUCT_NAME = "$(TARGET_NAME)";
				TARGETED_DEVICE_FAMILY = "1,2";
				TEST_HOST = "$(BUILT_PRODUCTS_DIR)/Weather.app/Weather";
			};
			name = Release;
		};
/* End XCBuildConfiguration section */

/* Begin XCConfigurationList section */
		2A3B34152008035000167126 /* Build configuration list for PBXProject "Weather" */ = {
			isa = XCConfigurationList;
			buildConfigurations = (
				2A3B343C2008035100167126 /* Debug */,
				2A3B343D2008035100167126 /* Release */,
			);
			defaultConfigurationIsVisible = 0;
			defaultConfigurationName = Release;
		};
		2A3B343E2008035100167126 /* Build configuration list for PBXNativeTarget "Weather" */ = {
			isa = XCConfigurationList;
			buildConfigurations = (
				2A3B343F2008035100167126 /* Debug */,
				2A3B34402008035100167126 /* Release */,
			);
			defaultConfigurationIsVisible = 0;
			defaultConfigurationName = Release;
		};
		2A3B34412008035100167126 /* Build configuration list for PBXNativeTarget "WeatherTests" */ = {
			isa = XCConfigurationList;
			buildConfigurations = (
				2A3B34422008035100167126 /* Debug */,
				2A3B34432008035100167126 /* Release */,
			);
			defaultConfigurationIsVisible = 0;
			defaultConfigurationName = Release;
		};
/* End XCConfigurationList section */

/* Begin XCVersionGroup section */
		2A3B34262008035000167126 /* Weather.xcdatamodeld */ = {
			isa = XCVersionGroup;
			children = (
				2A3B34272008035000167126 /* Weather.xcdatamodel */,
			);
			currentVersion = 2A3B34272008035000167126 /* Weather.xcdatamodel */;
			path = Weather.xcdatamodeld;
			sourceTree = "<group>";
			versionGroupType = wrapper.xcdatamodel;
		};
/* End XCVersionGroup section */
	};
	rootObject = 2A3B34122008035000167126 /* Project object */;
}
